// !$*UTF8*$!
{
	archiveVersion = 1;
	classes = {
	};
	objectVersion = 90;
	objects = {

/* Begin PBXBuildFile section */
		BE7932F32F5A21DE00018A22 /* App Icon.icon in Resources */ = {isa = PBXBuildFile; fileRef = BE7932F22F5A21DE00018A22 /* App Icon.icon */; };
		BE7932F42F5A21DE00018A22 /* App Icon.icon in Resources */ = {isa = PBXBuildFile; fileRef = BE7932F22F5A21DE00018A22 /* App Icon.icon */; };
		BEAA09972F59E4E300F08DFB /* Reddirect Extension.appex in Embed Foundation Extensions */ = {isa = PBXBuildFile; fileRef = BEAA09962F59E4E300F08DFB /* Reddirect Extension.appex */; settings = {ATTRIBUTES = (RemoveHeadersOnCopy, ); }; };
/* End PBXBuildFile section */

/* Begin PBXContainerItemProxy section */
		BEAA09812F59E4E300F08DFB /* PBXContainerItemProxy */ = {
			isa = PBXContainerItemProxy;
			containerPortal = BEAA095E2F59E4E100F08DFB /* Project object */;
			proxyType = 1;
			remoteGlobalIDString = BEAA09652F59E4E100F08DFB;
			remoteInfo = Reddirect;
		};
		BEAA098B2F59E4E300F08DFB /* PBXContainerItemProxy */ = {
			isa = PBXContainerItemProxy;
			containerPortal = BEAA095E2F59E4E100F08DFB /* Project object */;
			proxyType = 1;
			remoteGlobalIDString = BEAA09652F59E4E100F08DFB;
			remoteInfo = Reddirect;
		};
		BEAA09982F59E4E300F08DFB /* PBXContainerItemProxy */ = {
			isa = PBXContainerItemProxy;
			containerPortal = BEAA095E2F59E4E100F08DFB /* Project object */;
			proxyType = 1;
			remoteGlobalIDString = BEAA09952F59E4E300F08DFB;
			remoteInfo = "Reddirect Extension";
		};
/* End PBXContainerItemProxy section */

/* Begin PBXCopyFilesBuildPhase section */
		BEAA09B52F59E4E300F08DFB /* Embed Foundation Extensions */ = {
			isa = PBXCopyFilesBuildPhase;
			dstPath = "";
			dstSubfolder = PlugIns;
			files = (
				BEAA09972F59E4E300F08DFB /* Reddirect Extension.appex in Embed Foundation Extensions */,
			);
			name = "Embed Foundation Extensions";
		};
/* End PBXCopyFilesBuildPhase section */

/* Begin PBXFileReference section */
		BE7932F22F5A21DE00018A22 /* App Icon.icon */ = {isa = PBXFileReference; lastKnownFileType = folder.iconcomposer.icon; path = "App Icon.icon"; sourceTree = "<group>"; };
		BEAA09662F59E4E100F08DFB /* Reddirect.app */ = {isa = PBXFileReference; explicitFileType = wrapper.application; includeInIndex = 0; path = Reddirect.app; sourceTree = BUILT_PRODUCTS_DIR; };
		BEAA09802F59E4E300F08DFB /* ReddirectTests.xctest */ = {isa = PBXFileReference; explicitFileType = wrapper.cfbundle; includeInIndex = 0; path = ReddirectTests.xctest; sourceTree = BUILT_PRODUCTS_DIR; };
		BEAA098A2F59E4E300F08DFB /* ReddirectUITests.xctest */ = {isa = PBXFileReference; explicitFileType = wrapper.cfbundle; includeInIndex = 0; path = ReddirectUITests.xctest; sourceTree = BUILT_PRODUCTS_DIR; };
		BEAA09962F59E4E300F08DFB /* Reddirect Extension.appex */ = {isa = PBXFileReference; explicitFileType = "wrapper.app-extension"; includeInIndex = 0; path = "Reddirect Extension.appex"; sourceTree = BUILT_PRODUCTS_DIR; };
/* End PBXFileReference section */

/* Begin PBXFileSystemSynchronizedBuildFileExceptionSet section */
		BEAA09AF2F59E4E300F08DFB /* Exceptions for "Reddirect Extension" folder in "Reddirect Extension" target */ = {
			isa = PBXFileSystemSynchronizedBuildFileExceptionSet;
			membershipExceptions = (
				Info.plist,
			);
			target = BEAA09952F59E4E300F08DFB /* Reddirect Extension */;
		};
/* End PBXFileSystemSynchronizedBuildFileExceptionSet section */

/* Begin PBXFileSystemSynchronizedRootGroup section */
		BEAA09682F59E4E100F08DFB /* Reddirect */ = {
			isa = PBXFileSystemSynchronizedRootGroup;
			path = Reddirect;
			sourceTree = "<group>";
		};
		BEAA09832F59E4E300F08DFB /* ReddirectTests */ = {
			isa = PBXFileSystemSynchronizedRootGroup;
			path = ReddirectTests;
			sourceTree = "<group>";
		};
		BEAA098D2F59E4E300F08DFB /* ReddirectUITests */ = {
			isa = PBXFileSystemSynchronizedRootGroup;
			path = ReddirectUITests;
			sourceTree = "<group>";
		};
		BEAA099A2F59E4E300F08DFB /* Reddirect Extension */ = {
			isa = PBXFileSystemSynchronizedRootGroup;
			exceptions = (
				BEAA09AF2F59E4E300F08DFB /* Exceptions for "Reddirect Extension" folder in "Reddirect Extension" target */,
			);
			explicitFolders = (
				Resources/_locales,
				Resources/images,
			);
			path = "Reddirect Extension";
			sourceTree = "<group>";
		};
/* End PBXFileSystemSynchronizedRootGroup section */

/* Begin PBXFrameworksBuildPhase section */
		BEAA09632F59E4E100F08DFB /* Frameworks */ = {
			isa = PBXFrameworksBuildPhase;
			files = (
			);
		};
		BEAA097D2F59E4E300F08DFB /* Frameworks */ = {
			isa = PBXFrameworksBuildPhase;
			files = (
			);
		};
		BEAA09872F59E4E300F08DFB /* Frameworks */ = {
			isa = PBXFrameworksBuildPhase;
			files = (
			);
		};
		BEAA09932F59E4E300F08DFB /* Frameworks */ = {
			isa = PBXFrameworksBuildPhase;
			files = (
			);
		};
/* End PBXFrameworksBuildPhase section */

/* Begin PBXGroup section */
		BEAA095D2F59E4E100F08DFB = {
			isa = PBXGroup;
			children = (
				BEAA09682F59E4E100F08DFB /* Reddirect */,
				BEAA09832F59E4E300F08DFB /* ReddirectTests */,
				BEAA098D2F59E4E300F08DFB /* ReddirectUITests */,
				BEAA099A2F59E4E300F08DFB /* Reddirect Extension */,
				BEAA09672F59E4E100F08DFB /* Products */,
				BE7932F22F5A21DE00018A22 /* App Icon.icon */,
			);
			sourceTree = "<group>";
		};
		BEAA09672F59E4E100F08DFB /* Products */ = {
			isa = PBXGroup;
			children = (
				BEAA09662F59E4E100F08DFB /* Reddirect.app */,
				BEAA09802F59E4E300F08DFB /* ReddirectTests.xctest */,
				BEAA098A2F59E4E300F08DFB /* ReddirectUITests.xctest */,
				BEAA09962F59E4E300F08DFB /* Reddirect Extension.appex */,
			);
			name = Products;
			sourceTree = "<group>";
		};
/* End PBXGroup section */

/* Begin PBXNativeTarget section */
		BEAA09652F59E4E100F08DFB /* Reddirect */ = {
			isa = PBXNativeTarget;
			buildConfigurationList = BEAA09B62F59E4E300F08DFB /* Build configuration list for PBXNativeTarget "Reddirect" */;
			buildPhases = (
				BEAA09622F59E4E100F08DFB /* Sources */,
				BEAA09632F59E4E100F08DFB /* Frameworks */,
				BEAA09642F59E4E100F08DFB /* Resources */,
				BEAA09B52F59E4E300F08DFB /* Embed Foundation Extensions */,
			);
			buildRules = (
			);
			dependencies = (
				BEAA09992F59E4E300F08DFB /* PBXTargetDependency */,
			);
			fileSystemSynchronizedGroups = (
				BEAA09682F59E4E100F08DFB /* Reddirect */,
			);
			name = Reddirect;
			productName = Reddirect;
			productReference = BEAA09662F59E4E100F08DFB /* Reddirect.app */;
			productType = "com.apple.product-type.application";
		};
		BEAA097F2F59E4E300F08DFB /* ReddirectTests */ = {
			isa = PBXNativeTarget;
			buildConfigurationList = BEAA09B92F59E4E300F08DFB /* Build configuration list for PBXNativeTarget "ReddirectTests" */;
			buildPhases = (
				BEAA097C2F59E4E300F08DFB /* Sources */,
				BEAA097D2F59E4E300F08DFB /* Frameworks */,
				BEAA097E2F59E4E300F08DFB /* Resources */,
			);
			buildRules = (
			);
			dependencies = (
				BEAA09822F59E4E300F08DFB /* PBXTargetDependency */,
			);
			fileSystemSynchronizedGroups = (
				BEAA09832F59E4E300F08DFB /* ReddirectTests */,
			);
			name = ReddirectTests;
			productName = ReddirectTests;
			productReference = BEAA09802F59E4E300F08DFB /* ReddirectTests.xctest */;
			productType = "com.apple.product-type.bundle.unit-test";
		};
		BEAA09892F59E4E300F08DFB /* ReddirectUITests */ = {
			isa = PBXNativeTarget;
			buildConfigurationList = BEAA09BC2F59E4E300F08DFB /* Build configuration list for PBXNativeTarget "ReddirectUITests" */;
			buildPhases = (
				BEAA09862F59E4E300F08DFB /* Sources */,
				BEAA09872F59E4E300F08DFB /* Frameworks */,
				BEAA09882F59E4E300F08DFB /* Resources */,
			);
			buildRules = (
			);
			dependencies = (
				BEAA098C2F59E4E300F08DFB /* PBXTargetDependency */,
			);
			fileSystemSynchronizedGroups = (
				BEAA098D2F59E4E300F08DFB /* ReddirectUITests */,
			);
			name = ReddirectUITests;
			productName = ReddirectUITests;
			productReference = BEAA098A2F59E4E300F08DFB /* ReddirectUITests.xctest */;
			productType = "com.apple.product-type.bundle.ui-testing";
		};
		BEAA09952F59E4E300F08DFB /* Reddirect Extension */ = {
			isa = PBXNativeTarget;
			buildConfigurationList = BEAA09B02F59E4E300F08DFB /* Build configuration list for PBXNativeTarget "Reddirect Extension" */;
			buildPhases = (
				BEAA09922F59E4E300F08DFB /* Sources */,
				BEAA09932F59E4E300F08DFB /* Frameworks */,
				BEAA09942F59E4E300F08DFB /* Resources */,
			);
			buildRules = (
			);
			fileSystemSynchronizedGroups = (
				BEAA099A2F59E4E300F08DFB /* Reddirect Extension */,
			);
			name = "Reddirect Extension";
			productName = "Reddirect Extension";
			productReference = BEAA09962F59E4E300F08DFB /* Reddirect Extension.appex */;
			productType = "com.apple.product-type.app-extension";
		};
/* End PBXNativeTarget section */

/* Begin PBXProject section */
		BEAA095E2F59E4E100F08DFB /* Project object */ = {
			isa = PBXProject;
			attributes = {
				BuildIndependentTargetsInParallel = 1;
				LastSwiftUpdateCheck = 2630;
				LastUpgradeCheck = 2630;
				TargetAttributes = {
					BEAA09652F59E4E100F08DFB = {
						CreatedOnToolsVersion = 26.3;
					};
					BEAA097F2F59E4E300F08DFB = {
						CreatedOnToolsVersion = 26.3;
						TestTargetID = BEAA09652F59E4E100F08DFB;
					};
					BEAA09892F59E4E300F08DFB = {
						CreatedOnToolsVersion = 26.3;
						TestTargetID = BEAA09652F59E4E100F08DFB;
					};
					BEAA09952F59E4E300F08DFB = {
						CreatedOnToolsVersion = 26.3;
					};
				};
			};
			buildConfigurationList = BEAA09612F59E4E100F08DFB /* Build configuration list for PBXProject "Reddirect" */;
			developmentRegion = en;
			hasScannedForEncodings = 0;
			knownRegions = (
				en,
				Base,
			);
			mainGroup = BEAA095D2F59E4E100F08DFB;
			minimizedProjectReferenceProxies = 1;
			preferredProjectObjectVersion = 90;
			productRefGroup = BEAA09672F59E4E100F08DFB /* Products */;
			projectDirPath = "";
			projectRoot = "";
			targets = (
				BEAA09652F59E4E100F08DFB /* Reddirect */,
				BEAA097F2F59E4E300F08DFB /* ReddirectTests */,
				BEAA09892F59E4E300F08DFB /* ReddirectUITests */,
				BEAA09952F59E4E300F08DFB /* Reddirect Extension */,
			);
		};
/* End PBXProject section */

/* Begin PBXResourcesBuildPhase section */
		BEAA09642F59E4E100F08DFB /* Resources */ = {
			isa = PBXResourcesBuildPhase;
			files = (
				BE7932F42F5A21DE00018A22 /* App Icon.icon in Resources */,
			);
		};
		BEAA097E2F59E4E300F08DFB /* Resources */ = {
			isa = PBXResourcesBuildPhase;
			files = (
			);
		};
		BEAA09882F59E4E300F08DFB /* Resources */ = {
			isa = PBXResourcesBuildPhase;
			files = (
			);
		};
		BEAA09942F59E4E300F08DFB /* Resources */ = {
			isa = PBXResourcesBuildPhase;
			files = (
				BE7932F32F5A21DE00018A22 /* App Icon.icon in Resources */,
			);
		};
/* End PBXResourcesBuildPhase section */

/* Begin PBXSourcesBuildPhase section */
		BEAA09622F59E4E100F08DFB /* Sources */ = {
			isa = PBXSourcesBuildPhase;
			files = (
			);
		};
		BEAA097C2F59E4E300F08DFB /* Sources */ = {
			isa = PBXSourcesBuildPhase;
			files = (
			);
		};
		BEAA09862F59E4E300F08DFB /* Sources */ = {
			isa = PBXSourcesBuildPhase;
			files = (
			);
		};
		BEAA09922F59E4E300F08DFB /* Sources */ = {
			isa = PBXSourcesBuildPhase;
			files = (
			);
		};
/* End PBXSourcesBuildPhase section */

/* Begin PBXTargetDependency section */
		BEAA09822F59E4E300F08DFB /* PBXTargetDependency */ = {
			isa = PBXTargetDependency;
			target = BEAA09652F59E4E100F08DFB /* Reddirect */;
			targetProxy = BEAA09812F59E4E300F08DFB /* PBXContainerItemProxy */;
		};
		BEAA098C2F59E4E300F08DFB /* PBXTargetDependency */ = {
			isa = PBXTargetDependency;
			target = BEAA09652F59E4E100F08DFB /* Reddirect */;
			targetProxy = BEAA098B2F59E4E300F08DFB /* PBXContainerItemProxy */;
		};
		BEAA09992F59E4E300F08DFB /* PBXTargetDependency */ = {
			isa = PBXTargetDependency;
			target = BEAA09952F59E4E300F08DFB /* Reddirect Extension */;
			targetProxy = BEAA09982F59E4E300F08DFB /* PBXContainerItemProxy */;
		};
/* End PBXTargetDependency section */

/* Begin XCBuildConfiguration section */
		BEAA09B12F59E4E300F08DFB /* Debug configuration for PBXNativeTarget "Reddirect Extension" */ = {
			isa = XCBuildConfiguration;
			buildSettings = {
				CODE_SIGN_STYLE = Automatic;
				CURRENT_PROJECT_VERSION = 1;
				DEVELOPMENT_TEAM = 87XRSQ2V4C;
				ENABLE_APP_SANDBOX = YES;
				ENABLE_HARDENED_RUNTIME = YES;
				ENABLE_USER_SELECTED_FILES = readonly;
				GENERATE_INFOPLIST_FILE = YES;
				INFOPLIST_FILE = "Reddirect Extension/Info.plist";
				INFOPLIST_KEY_CFBundleDisplayName = "Reddirect Extension";
				INFOPLIST_KEY_NSHumanReadableCopyright = "";
				LD_RUNPATH_SEARCH_PATHS = (
					"$(inherited)",
					"@executable_path/../Frameworks",
					"@executable_path/../../../../Frameworks",
				);
				MACOSX_DEPLOYMENT_TARGET = 15.6;
				MARKETING_VERSION = 1.0;
				OTHER_LDFLAGS = (
					"-framework",
					SafariServices,
				);
				PRODUCT_BUNDLE_IDENTIFIER = co.dgits.Reddirect.Extension;
				PRODUCT_NAME = "$(TARGET_NAME)";
				SKIP_INSTALL = YES;
				STRING_CATALOG_GENERATE_SYMBOLS = YES;
				SWIFT_APPROACHABLE_CONCURRENCY = YES;
				SWIFT_EMIT_LOC_STRINGS = YES;
				SWIFT_UPCOMING_FEATURE_MEMBER_IMPORT_VISIBILITY = YES;
				SWIFT_VERSION = 5.0;
			};
			name = Debug;
		};
		BEAA09B22F59E4E300F08DFB /* Release configuration for PBXNativeTarget "Reddirect Extension" */ = {
			isa = XCBuildConfiguration;
			buildSettings = {
				CODE_SIGN_STYLE = Automatic;
				CURRENT_PROJECT_VERSION = 1;
				DEVELOPMENT_TEAM = 87XRSQ2V4C;
				ENABLE_APP_SANDBOX = YES;
				ENABLE_HARDENED_RUNTIME = YES;
				ENABLE_USER_SELECTED_FILES = readonly;
				GENERATE_INFOPLIST_FILE = YES;
				INFOPLIST_FILE = "Reddirect Extension/Info.plist";
				INFOPLIST_KEY_CFBundleDisplayName = "Reddirect Extension";
				INFOPLIST_KEY_NSHumanReadableCopyright = "";
				LD_RUNPATH_SEARCH_PATHS = (
					"$(inherited)",
					"@executable_path/../Frameworks",
					"@executable_path/../../../../Frameworks",
				);
				MACOSX_DEPLOYMENT_TARGET = 15.6;
				MARKETING_VERSION = 1.0;
				OTHER_LDFLAGS = (
					"-framework",
					SafariServices,
				);
				PRODUCT_BUNDLE_IDENTIFIER = co.dgits.Reddirect.Extension;
				PRODUCT_NAME = "$(TARGET_NAME)";
				SKIP_INSTALL = YES;
				STRING_CATALOG_GENERATE_SYMBOLS = YES;
				SWIFT_APPROACHABLE_CONCURRENCY = YES;
				SWIFT_EMIT_LOC_STRINGS = YES;
				SWIFT_UPCOMING_FEATURE_MEMBER_IMPORT_VISIBILITY = YES;
				SWIFT_VERSION = 5.0;
			};
			name = Release;
		};
		BEAA09B32F59E4E300F08DFB /* Debug configuration for PBXProject "Reddirect" */ = {
			isa = XCBuildConfiguration;
			buildSettings = {
				ALWAYS_SEARCH_USER_PATHS = NO;
				ASSETCATALOG_COMPILER_GENERATE_SWIFT_ASSET_SYMBOL_EXTENSIONS = YES;
				CLANG_ANALYZER_NONNULL = YES;
				CLANG_ANALYZER_NUMBER_OBJECT_CONVERSION = YES_AGGRESSIVE;
				CLANG_CXX_LANGUAGE_STANDARD = "gnu++20";
				CLANG_ENABLE_MODULES = YES;
				CLANG_ENABLE_OBJC_ARC = YES;
				CLANG_ENABLE_OBJC_WEAK = YES;
				CLANG_WARN_BLOCK_CAPTURE_AUTORELEASING = YES;
				CLANG_WARN_BOOL_CONVERSION = YES;
				CLANG_WARN_COMMA = YES;
				CLANG_WARN_CONSTANT_CONVERSION = YES;
				CLANG_WARN_DEPRECATED_OBJC_IMPLEMENTATIONS = YES;
				CLANG_WARN_DIRECT_OBJC_ISA_USAGE = YES_ERROR;
				CLANG_WARN_DOCUMENTATION_COMMENTS = YES;
				CLANG_WARN_EMPTY_BODY = YES;
				CLANG_WARN_ENUM_CONVERSION = YES;
				CLANG_WARN_INFINITE_RECURSION = YES;
				CLANG_WARN_INT_CONVERSION = YES;
				CLANG_WARN_NON_LITERAL_NULL_CONVERSION = YES;
				CLANG_WARN_OBJC_IMPLICIT_RETAIN_SELF = YES;
				CLANG_WARN_OBJC_LITERAL_CONVERSION = YES;
				CLANG_WARN_OBJC_ROOT_CLASS = YES_ERROR;
				CLANG_WARN_QUOTED_INCLUDE_IN_FRAMEWORK_HEADER = YES;
				CLANG_WARN_RANGE_LOOP_ANALYSIS = YES;
				CLANG_WARN_STRICT_PROTOTYPES = YES;
				CLANG_WARN_SUSPICIOUS_MOVE = YES;
				CLANG_WARN_UNGUARDED_AVAILABILITY = YES_AGGRESSIVE;
				CLANG_WARN_UNREACHABLE_CODE = YES;
				CLANG_WARN__DUPLICATE_METHOD_MATCH = YES;
				COPY_PHASE_STRIP = NO;
				DEBUG_INFORMATION_FORMAT = dwarf;
				DEVELOPMENT_TEAM = 87XRSQ2V4C;
				ENABLE_STRICT_OBJC_MSGSEND = YES;
				ENABLE_TESTABILITY = YES;
				ENABLE_USER_SCRIPT_SANDBOXING = YES;
				GCC_C_LANGUAGE_STANDARD = gnu17;
				GCC_DYNAMIC_NO_PIC = NO;
				GCC_NO_COMMON_BLOCKS = YES;
				GCC_OPTIMIZATION_LEVEL = 0;
				GCC_PREPROCESSOR_DEFINITIONS = (
					"DEBUG=1",
					"$(inherited)",
				);
				GCC_WARN_64_TO_32_BIT_CONVERSION = YES;
				GCC_WARN_ABOUT_RETURN_TYPE = YES_ERROR;
				GCC_WARN_UNDECLARED_SELECTOR = YES;
				GCC_WARN_UNINITIALIZED_AUTOS = YES_AGGRESSIVE;
				GCC_WARN_UNUSED_FUNCTION = YES;
				GCC_WARN_UNUSED_VARIABLE = YES;
				LOCALIZATION_PREFERS_STRING_CATALOGS = YES;
				MACOSX_DEPLOYMENT_TARGET = 26.2;
				MTL_ENABLE_DEBUG_INFO = INCLUDE_SOURCE;
				MTL_FAST_MATH = YES;
				ONLY_ACTIVE_ARCH = YES;
				SDKROOT = macosx;
				SWIFT_ACTIVE_COMPILATION_CONDITIONS = "DEBUG $(inherited)";
				SWIFT_OPTIMIZATION_LEVEL = "-Onone";
			};
			name = Debug;
		};
		BEAA09B42F59E4E300F08DFB /* Release configuration for PBXProject "Reddirect" */ = {
			isa = XCBuildConfiguration;
			buildSettings = {
				ALWAYS_SEARCH_USER_PATHS = NO;
				ASSETCATALOG_COMPILER_GENERATE_SWIFT_ASSET_SYMBOL_EXTENSIONS = YES;
				CLANG_ANALYZER_NONNULL = YES;
				CLANG_ANALYZER_NUMBER_OBJECT_CONVERSION = YES_AGGRESSIVE;
				CLANG_CXX_LANGUAGE_STANDARD = "gnu++20";
				CLANG_ENABLE_MODULES = YES;
				CLANG_ENABLE_OBJC_ARC = YES;
				CLANG_ENABLE_OBJC_WEAK = YES;
				CLANG_WARN_BLOCK_CAPTURE_AUTORELEASING = YES;
				CLANG_WARN_BOOL_CONVERSION = YES;
				CLANG_WARN_COMMA = YES;
				CLANG_WARN_CONSTANT_CONVERSION = YES;
				CLANG_WARN_DEPRECATED_OBJC_IMPLEMENTATIONS = YES;
				CLANG_WARN_DIRECT_OBJC_ISA_USAGE = YES_ERROR;
				CLANG_WARN_DOCUMENTATION_COMMENTS = YES;
				CLANG_WARN_EMPTY_BODY = YES;
				CLANG_WARN_ENUM_CONVERSION = YES;
				CLANG_WARN_INFINITE_RECURSION = YES;
				CLANG_WARN_INT_CONVERSION = YES;
				CLANG_WARN_NON_LITERAL_NULL_CONVERSION = YES;
				CLANG_WARN_OBJC_IMPLICIT_RETAIN_SELF = YES;
				CLANG_WARN_OBJC_LITERAL_CONVERSION = YES;
				CLANG_WARN_OBJC_ROOT_CLASS = YES_ERROR;
				CLANG_WARN_QUOTED_INCLUDE_IN_FRAMEWORK_HEADER = YES;
				CLANG_WARN_RANGE_LOOP_ANALYSIS = YES;
				CLANG_WARN_STRICT_PROTOTYPES = YES;
				CLANG_WARN_SUSPICIOUS_MOVE = YES;
				CLANG_WARN_UNGUARDED_AVAILABILITY = YES_AGGRESSIVE;
				CLANG_WARN_UNREACHABLE_CODE = YES;
				CLANG_WARN__DUPLICATE_METHOD_MATCH = YES;
				COPY_PHASE_STRIP = NO;
				DEBUG_INFORMATION_FORMAT = "dwarf-with-dsym";
				DEVELOPMENT_TEAM = 87XRSQ2V4C;
				ENABLE_NS_ASSERTIONS = NO;
				ENABLE_STRICT_OBJC_MSGSEND = YES;
				ENABLE_USER_SCRIPT_SANDBOXING = YES;
				GCC_C_LANGUAGE_STANDARD = gnu17;
				GCC_NO_COMMON_BLOCKS = YES;
				GCC_WARN_64_TO_32_BIT_CONVERSION = YES;
				GCC_WARN_ABOUT_RETURN_TYPE = YES_ERROR;
				GCC_WARN_UNDECLARED_SELECTOR = YES;
				GCC_WARN_UNINITIALIZED_AUTOS = YES_AGGRESSIVE;
				GCC_WARN_UNUSED_FUNCTION = YES;
				GCC_WARN_UNUSED_VARIABLE = YES;
				LOCALIZATION_PREFERS_STRING_CATALOGS = YES;
				MACOSX_DEPLOYMENT_TARGET = 26.2;
				MTL_ENABLE_DEBUG_INFO = NO;
				MTL_FAST_MATH = YES;
				SDKROOT = macosx;
				SWIFT_COMPILATION_MODE = wholemodule;
			};
			name = Release;
		};
		BEAA09B72F59E4E300F08DFB /* Debug configuration for PBXNativeTarget "Reddirect" */ = {
			isa = XCBuildConfiguration;
			buildSettings = {
				ASSETCATALOG_COMPILER_APPICON_NAME = "App Icon";
				ASSETCATALOG_COMPILER_GLOBAL_ACCENT_COLOR_NAME = AccentColor;
				ASSETCATALOG_COMPILER_INCLUDE_ALL_APPICON_ASSETS = YES;
				CODE_SIGN_STYLE = Automatic;
				COMBINE_HIDPI_IMAGES = YES;
				CURRENT_PROJECT_VERSION = 1;
				DEVELOPMENT_TEAM = 87XRSQ2V4C;
				ENABLE_APP_SANDBOX = YES;
				ENABLE_HARDENED_RUNTIME = YES;
				ENABLE_OUTGOING_NETWORK_CONNECTIONS = YES;
				ENABLE_USER_SELECTED_FILES = readonly;
				GENERATE_INFOPLIST_FILE = YES;
				INFOPLIST_KEY_CFBundleDisplayName = Reddirect;
				INFOPLIST_KEY_NSHumanReadableCopyright = "";
				LD_RUNPATH_SEARCH_PATHS = (
					"$(inherited)",
					"@executable_path/../Frameworks",
				);
				MACOSX_DEPLOYMENT_TARGET = 15.6;
				MARKETING_VERSION = 1.0;
				OTHER_LDFLAGS = (
					"-framework",
					SafariServices,
				);
				PRODUCT_BUNDLE_IDENTIFIER = co.dgits.Reddirect;
				PRODUCT_NAME = "$(TARGET_NAME)";
				REGISTER_APP_GROUPS = YES;
				STRING_CATALOG_GENERATE_SYMBOLS = YES;
				SWIFT_APPROACHABLE_CONCURRENCY = YES;
				SWIFT_DEFAULT_ACTOR_ISOLATION = MainActor;
				SWIFT_EMIT_LOC_STRINGS = YES;
				SWIFT_UPCOMING_FEATURE_MEMBER_IMPORT_VISIBILITY = YES;
				SWIFT_VERSION = 5.0;
			};
			name = Debug;
		};
		BEAA09B82F59E4E300F08DFB /* Release configuration for PBXNativeTarget "Reddirect" */ = {
			isa = XCBuildConfiguration;
			buildSettings = {
				ASSETCATALOG_COMPILER_APPICON_NAME = "App Icon";
				ASSETCATALOG_COMPILER_GLOBAL_ACCENT_COLOR_NAME = AccentColor;
				ASSETCATALOG_COMPILER_INCLUDE_ALL_APPICON_ASSETS = YES;
				CODE_SIGN_STYLE = Automatic;
				COMBINE_HIDPI_IMAGES = YES;
				CURRENT_PROJECT_VERSION = 1;
				DEVELOPMENT_TEAM = 87XRSQ2V4C;
				ENABLE_APP_SANDBOX = YES;
				ENABLE_HARDENED_RUNTIME = YES;
				ENABLE_OUTGOING_NETWORK_CONNECTIONS = YES;
				ENABLE_USER_SELECTED_FILES = readonly;
				GENERATE_INFOPLIST_FILE = YES;
				INFOPLIST_KEY_CFBundleDisplayName = Reddirect;
				INFOPLIST_KEY_NSHumanReadableCopyright = "";
				LD_RUNPATH_SEARCH_PATHS = (
					"$(inherited)",
					"@executable_path/../Frameworks",
				);
				MACOSX_DEPLOYMENT_TARGET = 15.6;
				MARKETING_VERSION = 1.0;
				OTHER_LDFLAGS = (
					"-framework",
					SafariServices,
				);
				PRODUCT_BUNDLE_IDENTIFIER = co.dgits.Reddirect;
				PRODUCT_NAME = "$(TARGET_NAME)";
				REGISTER_APP_GROUPS = YES;
				STRING_CATALOG_GENERATE_SYMBOLS = YES;
				SWIFT_APPROACHABLE_CONCURRENCY = YES;
				SWIFT_DEFAULT_ACTOR_ISOLATION = MainActor;
				SWIFT_EMIT_LOC_STRINGS = YES;
				SWIFT_UPCOMING_FEATURE_MEMBER_IMPORT_VISIBILITY = YES;
				SWIFT_VERSION = 5.0;
			};
			name = Release;
		};
		BEAA09BA2F59E4E300F08DFB /* Debug configuration for PBXNativeTarget "ReddirectTests" */ = {
			isa = XCBuildConfiguration;
			buildSettings = {
				BUNDLE_LOADER = "$(TEST_HOST)";
				CODE_SIGN_STYLE = Automatic;
				CURRENT_PROJECT_VERSION = 1;
				DEVELOPMENT_TEAM = 87XRSQ2V4C;
				GENERATE_INFOPLIST_FILE = YES;
				MACOSX_DEPLOYMENT_TARGET = 26.2;
				MARKETING_VERSION = 1.0;
				PRODUCT_BUNDLE_IDENTIFIER = co.dgits.ReddirectTests;
				PRODUCT_NAME = "$(TARGET_NAME)";
				STRING_CATALOG_GENERATE_SYMBOLS = NO;
				SWIFT_APPROACHABLE_CONCURRENCY = YES;
				SWIFT_EMIT_LOC_STRINGS = NO;
				SWIFT_UPCOMING_FEATURE_MEMBER_IMPORT_VISIBILITY = YES;
				SWIFT_VERSION = 5.0;
				TEST_HOST = "$(BUILT_PRODUCTS_DIR)/Reddirect.app/$(BUNDLE_EXECUTABLE_FOLDER_PATH)/Reddirect";
			};
			name = Debug;
		};
		BEAA09BB2F59E4E300F08DFB /* Release configuration for PBXNativeTarget "ReddirectTests" */ = {
			isa = XCBuildConfiguration;
			buildSettings = {
				BUNDLE_LOADER = "$(TEST_HOST)";
				CODE_SIGN_STYLE = Automatic;
				CURRENT_PROJECT_VERSION = 1;
				DEVELOPMENT_TEAM = 87XRSQ2V4C;
				GENERATE_INFOPLIST_FILE = YES;
				MACOSX_DEPLOYMENT_TARGET = 26.2;
				MARKETING_VERSION = 1.0;
				PRODUCT_BUNDLE_IDENTIFIER = co.dgits.ReddirectTests;
				PRODUCT_NAME = "$(TARGET_NAME)";
				STRING_CATALOG_GENERATE_SYMBOLS = NO;
				SWIFT_APPROACHABLE_CONCURRENCY = YES;
				SWIFT_EMIT_LOC_STRINGS = NO;
				SWIFT_UPCOMING_FEATURE_MEMBER_IMPORT_VISIBILITY = YES;
				SWIFT_VERSION = 5.0;
				TEST_HOST = "$(BUILT_PRODUCTS_DIR)/Reddirect.app/$(BUNDLE_EXECUTABLE_FOLDER_PATH)/Reddirect";
			};
			name = Release;
		};
		BEAA09BD2F59E4E300F08DFB /* Debug configuration for PBXNativeTarget "ReddirectUITests" */ = {
			isa = XCBuildConfiguration;
			buildSettings = {
				CODE_SIGN_STYLE = Automatic;
				CURRENT_PROJECT_VERSION = 1;
				DEVELOPMENT_TEAM = 87XRSQ2V4C;
				GENERATE_INFOPLIST_FILE = YES;
				MACOSX_DEPLOYMENT_TARGET = 26.2;
				MARKETING_VERSION = 1.0;
				PRODUCT_BUNDLE_IDENTIFIER = co.dgits.ReddirectUITests;
				PRODUCT_NAME = "$(TARGET_NAME)";
				STRING_CATALOG_GENERATE_SYMBOLS = NO;
				SWIFT_APPROACHABLE_CONCURRENCY = YES;
				SWIFT_EMIT_LOC_STRINGS = NO;
				SWIFT_UPCOMING_FEATURE_MEMBER_IMPORT_VISIBILITY = YES;
				SWIFT_VERSION = 5.0;
				TEST_TARGET_NAME = Reddirect;
			};
			name = Debug;
		};
		BEAA09BE2F59E4E300F08DFB /* Release configuration for PBXNativeTarget "ReddirectUITests" */ = {
			isa = XCBuildConfiguration;
			buildSettings = {
				CODE_SIGN_STYLE = Automatic;
				CURRENT_PROJECT_VERSION = 1;
				DEVELOPMENT_TEAM = 87XRSQ2V4C;
				GENERATE_INFOPLIST_FILE = YES;
				MACOSX_DEPLOYMENT_TARGET = 26.2;
				MARKETING_VERSION = 1.0;
				PRODUCT_BUNDLE_IDENTIFIER = co.dgits.ReddirectUITests;
				PRODUCT_NAME = "$(TARGET_NAME)";
				STRING_CATALOG_GENERATE_SYMBOLS = NO;
				SWIFT_APPROACHABLE_CONCURRENCY = YES;
				SWIFT_EMIT_LOC_STRINGS = NO;
				SWIFT_UPCOMING_FEATURE_MEMBER_IMPORT_VISIBILITY = YES;
				SWIFT_VERSION = 5.0;
				TEST_TARGET_NAME = Reddirect;
			};
			name = Release;
		};
/* End XCBuildConfiguration section */

/* Begin XCConfigurationList section */
		BEAA09612F59E4E100F08DFB /* Build configuration list for PBXProject "Reddirect" */ = {
			isa = XCConfigurationList;
			buildConfigurations = (
				BEAA09B32F59E4E300F08DFB /* Debug configuration for PBXProject "Reddirect" */,
				BEAA09B42F59E4E300F08DFB /* Release configuration for PBXProject "Reddirect" */,
			);
			defaultConfigurationName = Release;
		};
		BEAA09B02F59E4E300F08DFB /* Build configuration list for PBXNativeTarget "Reddirect Extension" */ = {
			isa = XCConfigurationList;
			buildConfigurations = (
				BEAA09B12F59E4E300F08DFB /* Debug configuration for PBXNativeTarget "Reddirect Extension" */,
				BEAA09B22F59E4E300F08DFB /* Release configuration for PBXNativeTarget "Reddirect Extension" */,
			);
			defaultConfigurationName = Release;
		};
		BEAA09B62F59E4E300F08DFB /* Build configuration list for PBXNativeTarget "Reddirect" */ = {
			isa = XCConfigurationList;
			buildConfigurations = (
				BEAA09B72F59E4E300F08DFB /* Debug configuration for PBXNativeTarget "Reddirect" */,
				BEAA09B82F59E4E300F08DFB /* Release configuration for PBXNativeTarget "Reddirect" */,
			);
			defaultConfigurationName = Release;
		};
		BEAA09B92F59E4E300F08DFB /* Build configuration list for PBXNativeTarget "ReddirectTests" */ = {
			isa = XCConfigurationList;
			buildConfigurations = (
				BEAA09BA2F59E4E300F08DFB /* Debug configuration for PBXNativeTarget "ReddirectTests" */,
				BEAA09BB2F59E4E300F08DFB /* Release configuration for PBXNativeTarget "ReddirectTests" */,
			);
			defaultConfigurationName = Release;
		};
		BEAA09BC2F59E4E300F08DFB /* Build configuration list for PBXNativeTarget "ReddirectUITests" */ = {
			isa = XCConfigurationList;
			buildConfigurations = (
				BEAA09BD2F59E4E300F08DFB /* Debug configuration for PBXNativeTarget "ReddirectUITests" */,
				BEAA09BE2F59E4E300F08DFB /* Release configuration for PBXNativeTarget "ReddirectUITests" */,
			);
			defaultConfigurationName = Release;
		};
/* End XCConfigurationList section */
	};
	rootObject = BEAA095E2F59E4E100F08DFB /* Project object */;
}
